{
  "pins" : [
    {
      "identity" : "light-swift-untar",
      "kind" : "remoteSourceControl",
      "location" : "https://github.com/UInt2048/Light-Swift-Untar.git",
      "state" : {
        "revision" : "fcff1f1b82373ea64b9565a364f63ffe7fdecf9f",
        "version" : "1.0.4"
      }
    }
  ],
  "version" : 2
}
