{
  "pins" : [
    {
      "identity" : "anycodable",
      "kind" : "remoteSourceControl",
      "location" : "https://github.com/Flight-School/AnyCodable",
      "state" : {
        "revision" : "862808b2070cd908cb04f9aafe7de83d35f81b05",
        "version" : "0.6.7"
      }
    },
    {
      "identity" : "light-swift-untar",
      "kind" : "remoteSourceControl",
      "location" : "https://github.com/UInt2048/Light-Swift-Untar.git",
      "state" : {
        "revision" : "fcff1f1b82373ea64b9565a364f63ffe7fdecf9f",
        "version" : "1.0.4"
      }
    },
    {
      "identity" : "valhalla-openapi-models-swift",
      "kind" : "remoteSourceControl",
      "location" : "https://github.com/Rallista/valhalla-openapi-models-swift.git",
      "state" : {
        "revision" : "8315c199bd0e5c20a375ec27e8423654d6001879",
        "version" : "0.0.4"
      }
    }
  ],
  "version" : 2
}
